
Microsoft Visual Studio Solution File, Format Version 12.00
# Visual Studio Version 16
VisualStudioVersion = 16.0.29911.84
MinimumVisualStudioVersion = 10.0.40219.1
Project("{FAE04EC0-301F-11D3-BF4B-00C04F79EFBC}") = "HoneywellPOSReport", "HoneywellPOSReport\HoneywellPOSReport.csproj", "{674B434C-A014-42C5-BD2C-A27CA60A1679}"
EndProject
Global
	GlobalSection(SolutionConfigurationPlatforms) = preSolution
		Debug|Any CPU = Debug|Any CPU
		Release|Any CPU = Release|Any CPU
	EndGlobalSection
	GlobalSection(ProjectConfigurationPlatforms) = postSolution
		{674B434C-A014-42C5-BD2C-A27CA60A1679}.Debug|Any CPU.ActiveCfg = Debug|Any CPU
		{674B434C-A014-42C5-BD2C-A27CA60A1679}.Debug|Any CPU.Build.0 = Debug|Any CPU
		{674B434C-A014-42C5-BD2C-A27CA60A1679}.Release|Any CPU.ActiveCfg = Release|Any CPU
		{674B434C-A014-42C5-BD2C-A27CA60A1679}.Release|Any CPU.Build.0 = Release|Any CPU
	EndGlobalSection
	GlobalSection(SolutionProperties) = preSolution
		HideSolutionNode = FALSE
	EndGlobalSection
	GlobalSection(ExtensibilityGlobals) = postSolution
		SolutionGuid = {01F042E9-1168-43D3-BD80-65A04A4F950E}
	EndGlobalSection
EndGlobal
